
Microsoft Visual Studio Solution File, Format Version 12.00
# Visual Studio Version 17
VisualStudioVersion = 17.10.34928.147
MinimumVisualStudioVersion = 10.0.40219.1
Project("{9A19103F-16F7-4668-BE54-9A1E7A4F7556}") = "HamedStack.Functional", "HamedStack.Functional\HamedStack.Functional.csproj", "{19664A47-5F5E-4341-B075-8B21B61F717B}"
EndProject
Project("{FAE04EC0-301F-11D3-BF4B-00C04F79EFBC}") = "HamedStack.Functional.Result", "HamedStack.Functional.Result\HamedStack.Functional.Result.csproj", "{7988A1EF-8940-4055-87CB-6CA12476CB88}"
EndProject
Global
	GlobalSection(SolutionConfigurationPlatforms) = preSolution
		Debug|Any CPU = Debug|Any CPU
		Release|Any CPU = Release|Any CPU
	EndGlobalSection
	GlobalSection(ProjectConfigurationPlatforms) = postSolution
		{19664A47-5F5E-4341-B075-8B21B61F717B}.Debug|Any CPU.ActiveCfg = Debug|Any CPU
		{19664A47-5F5E-4341-B075-8B21B61F717B}.Debug|Any CPU.Build.0 = Debug|Any CPU
		{19664A47-5F5E-4341-B075-8B21B61F717B}.Release|Any CPU.ActiveCfg = Release|Any CPU
		{19664A47-5F5E-4341-B075-8B21B61F717B}.Release|Any CPU.Build.0 = Release|Any CPU
		{7988A1EF-8940-4055-87CB-6CA12476CB88}.Debug|Any CPU.ActiveCfg = Debug|Any CPU
		{7988A1EF-8940-4055-87CB-6CA12476CB88}.Debug|Any CPU.Build.0 = Debug|Any CPU
		{7988A1EF-8940-4055-87CB-6CA12476CB88}.Release|Any CPU.ActiveCfg = Release|Any CPU
		{7988A1EF-8940-4055-87CB-6CA12476CB88}.Release|Any CPU.Build.0 = Release|Any CPU
	EndGlobalSection
	GlobalSection(SolutionProperties) = preSolution
		HideSolutionNode = FALSE
	EndGlobalSection
EndGlobal
